// !$*UTF8*$!
{
	archiveVersion = 1;
	classes = {
	};
	objectVersion = 50;
	objects = {

/* Begin PBXBuildFile section */
		FA79D9D92581D7180092AF8A /* AppDelegate.swift in Sources */ = {isa = PBXBuildFile; fileRef = FA79D9D82581D7180092AF8A /* AppDelegate.swift */; };
		FA79D9DB2581D7180092AF8A /* SceneDelegate.swift in Sources */ = {isa = PBXBuildFile; fileRef = FA79D9DA2581D7180092AF8A /* SceneDelegate.swift */; };
		FA79D9DD2581D7180092AF8A /* ViewController.swift in Sources */ = {isa = PBXBuildFile; fileRef = FA79D9DC2581D7180092AF8A /* ViewController.swift */; };
		FA79D9E02581D7180092AF8A /* Main.storyboard in Resources */ = {isa = PBXBuildFile; fileRef = FA79D9DE2581D7180092AF8A /* Main.storyboard */; };
		FA79D9E22581D71F0092AF8A /* Assets.xcassets in Resources */ = {isa = PBXBuildFile; fileRef = FA79D9E12581D71F0092AF8A /* Assets.xcassets */; };
		FA79D9E52581D71F0092AF8A /* LaunchScreen.storyboard in Resources */ = {isa = PBXBuildFile; fileRef = FA79D9E32581D71F0092AF8A /* LaunchScreen.storyboard */; };
		FA79D9F02581D71F0092AF8A /* iosAppTests.swift in Sources */ = {isa = PBXBuildFile; fileRef = FA79D9EF2581D71F0092AF8A /* iosAppTests.swift */; };
		FA79D9FB2581D71F0092AF8A /* iosAppUITests.swift in Sources */ = {isa = PBXBuildFile; fileRef = FA79D9FA2581D71F0092AF8A /* iosAppUITests.swift */; };
/* End PBXBuildFile section */

/* Begin PBXContainerItemProxy section */
		FA79D9EC2581D71F0092AF8A /* PBXContainerItemProxy */ = {
			isa = PBXContainerItemProxy;
			containerPortal = FA79D9CD2581D7180092AF8A /* Project object */;
			proxyType = 1;
			remoteGlobalIDString = FA79D9D42581D7180092AF8A;
			remoteInfo = iosApp;
		};
		FA79D9F72581D71F0092AF8A /* PBXContainerItemProxy */ = {
			isa = PBXContainerItemProxy;
			containerPortal = FA79D9CD2581D7180092AF8A /* Project object */;
			proxyType = 1;
			remoteGlobalIDString = FA79D9D42581D7180092AF8A;
			remoteInfo = iosApp;
		};
/* End PBXContainerItemProxy section */

/* Begin PBXFileReference section */
		FA79D9D52581D7180092AF8A /* iosApp.app */ = {isa = PBXFileReference; explicitFileType = wrapper.application; includeInIndex = 0; path = iosApp.app; sourceTree = BUILT_PRODUCTS_DIR; };
		FA79D9D82581D7180092AF8A /* AppDelegate.swift */ = {isa = PBXFileReference; lastKnownFileType = sourcecode.swift; path = AppDelegate.swift; sourceTree = "<group>"; };
		FA79D9DA2581D7180092AF8A /* SceneDelegate.swift */ = {isa = PBXFileReference; lastKnownFileType = sourcecode.swift; path = SceneDelegate.swift; sourceTree = "<group>"; };
		FA79D9DC2581D7180092AF8A /* ViewController.swift */ = {isa = PBXFileReference; lastKnownFileType = sourcecode.swift; path = ViewController.swift; sourceTree = "<group>"; };
		FA79D9DF2581D7180092AF8A /* Base */ = {isa = PBXFileReference; lastKnownFileType = file.storyboard; name = Base; path = Base.lproj/Main.storyboard; sourceTree = "<group>"; };
		FA79D9E12581D71F0092AF8A /* Assets.xcassets */ = {isa = PBXFileReference; lastKnownFileType = folder.assetcatalog; path = Assets.xcassets; sourceTree = "<group>"; };
		FA79D9E42581D71F0092AF8A /* Base */ = {isa = PBXFileReference; lastKnownFileType = file.storyboard; name = Base; path = Base.lproj/LaunchScreen.storyboard; sourceTree = "<group>"; };
		FA79D9E62581D71F0092AF8A /* Info.plist */ = {isa = PBXFileReference; lastKnownFileType = text.plist.xml; path = Info.plist; sourceTree = "<group>"; };
		FA79D9EB2581D71F0092AF8A /* iosAppTests.xctest */ = {isa = PBXFileReference; explicitFileType = wrapper.cfbundle; includeInIndex = 0; path = iosAppTests.xctest; sourceTree = BUILT_PRODUCTS_DIR; };
		FA79D9EF2581D71F0092AF8A /* iosAppTests.swift */ = {isa = PBXFileReference; lastKnownFileType = sourcecode.swift; path = iosAppTests.swift; sourceTree = "<group>"; };
		FA79D9F12581D71F0092AF8A /* Info.plist */ = {isa = PBXFileReference; lastKnownFileType = text.plist.xml; path = Info.plist; sourceTree = "<group>"; };
		FA79D9F62581D71F0092AF8A /* iosAppUITests.xctest */ = {isa = PBXFileReference; explicitFileType = wrapper.cfbundle; includeInIndex = 0; path = iosAppUITests.xctest; sourceTree = BUILT_PRODUCTS_DIR; };
		FA79D9FA2581D71F0092AF8A /* iosAppUITests.swift */ = {isa = PBXFileReference; lastKnownFileType = sourcecode.swift; path = iosAppUITests.swift; sourceTree = "<group>"; };
		FA79D9FC2581D71F0092AF8A /* Info.plist */ = {isa = PBXFileReference; lastKnownFileType = text.plist.xml; path = Info.plist; sourceTree = "<group>"; };
/* End PBXFileReference section */

/* Begin PBXFrameworksBuildPhase section */
		FA79D9D22581D7180092AF8A /* Frameworks */ = {
			isa = PBXFrameworksBuildPhase;
			buildActionMask = 2147483647;
			files = (
			);
			runOnlyForDeploymentPostprocessing = 0;
		};
		FA79D9E82581D71F0092AF8A /* Frameworks */ = {
			isa = PBXFrameworksBuildPhase;
			buildActionMask = 2147483647;
			files = (
			);
			runOnlyForDeploymentPostprocessing = 0;
		};
		FA79D9F32581D71F0092AF8A /* Frameworks */ = {
			isa = PBXFrameworksBuildPhase;
			buildActionMask = 2147483647;
			files = (
			);
			runOnlyForDeploymentPostprocessing = 0;
		};
/* End PBXFrameworksBuildPhase section */

/* Begin PBXGroup section */
		FA79D9CC2581D7180092AF8A = {
			isa = PBXGroup;
			children = (
				FA79D9D72581D7180092AF8A /* iosApp */,
				FA79D9EE2581D71F0092AF8A /* iosAppTests */,
				FA79D9F92581D71F0092AF8A /* iosAppUITests */,
				FA79D9D62581D7180092AF8A /* Products */,
			);
			sourceTree = "<group>";
		};
		FA79D9D62581D7180092AF8A /* Products */ = {
			isa = PBXGroup;
			children = (
				FA79D9D52581D7180092AF8A /* iosApp.app */,
				FA79D9EB2581D71F0092AF8A /* iosAppTests.xctest */,
				FA79D9F62581D71F0092AF8A /* iosAppUITests.xctest */,
			);
			name = Products;
			sourceTree = "<group>";
		};
		FA79D9D72581D7180092AF8A /* iosApp */ = {
			isa = PBXGroup;
			children = (
				FA79D9D82581D7180092AF8A /* AppDelegate.swift */,
				FA79D9DA2581D7180092AF8A /* SceneDelegate.swift */,
				FA79D9DC2581D7180092AF8A /* ViewController.swift */,
				FA79D9DE2581D7180092AF8A /* Main.storyboard */,
				FA79D9E12581D71F0092AF8A /* Assets.xcassets */,
				FA79D9E32581D71F0092AF8A /* LaunchScreen.storyboard */,
				FA79D9E62581D71F0092AF8A /* Info.plist */,
			);
			path = iosApp;
			sourceTree = "<group>";
		};
		FA79D9EE2581D71F0092AF8A /* iosAppTests */ = {
			isa = PBXGroup;
			children = (
				FA79D9EF2581D71F0092AF8A /* iosAppTests.swift */,
				FA79D9F12581D71F0092AF8A /* Info.plist */,
			);
			path = iosAppTests;
			sourceTree = "<group>";
		};
		FA79D9F92581D71F0092AF8A /* iosAppUITests */ = {
			isa = PBXGroup;
			children = (
				FA79D9FA2581D71F0092AF8A /* iosAppUITests.swift */,
				FA79D9FC2581D71F0092AF8A /* Info.plist */,
			);
			path = iosAppUITests;
			sourceTree = "<group>";
		};
/* End PBXGroup section */

/* Begin PBXNativeTarget section */
		FA79D9D42581D7180092AF8A /* iosApp */ = {
			isa = PBXNativeTarget;
			buildConfigurationList = FA79D9FF2581D71F0092AF8A /* Build configuration list for PBXNativeTarget "iosApp" */;
			buildPhases = (
				FA79D9D12581D7180092AF8A /* Sources */,
				FA79D9D22581D7180092AF8A /* Frameworks */,
				FA79D9D32581D7180092AF8A /* Resources */,
			);
			buildRules = (
			);
			dependencies = (
			);
			name = iosApp;
			productName = iosApp;
			productReference = FA79D9D52581D7180092AF8A /* iosApp.app */;
			productType = "com.apple.product-type.application";
		};
		FA79D9EA2581D71F0092AF8A /* iosAppTests */ = {
			isa = PBXNativeTarget;
			buildConfigurationList = FA79DA022581D71F0092AF8A /* Build configuration list for PBXNativeTarget "iosAppTests" */;
			buildPhases = (
				FA79D9E72581D71F0092AF8A /* Sources */,
				FA79D9E82581D71F0092AF8A /* Frameworks */,
				FA79D9E92581D71F0092AF8A /* Resources */,
			);
			buildRules = (
			);
			dependencies = (
				FA79D9ED2581D71F0092AF8A /* PBXTargetDependency */,
			);
			name = iosAppTests;
			productName = iosAppTests;
			productReference = FA79D9EB2581D71F0092AF8A /* iosAppTests.xctest */;
			productType = "com.apple.product-type.bundle.unit-test";
		};
		FA79D9F52581D71F0092AF8A /* iosAppUITests */ = {
			isa = PBXNativeTarget;
			buildConfigurationList = FA79DA052581D71F0092AF8A /* Build configuration list for PBXNativeTarget "iosAppUITests" */;
			buildPhases = (
				FA79D9F22581D71F0092AF8A /* Sources */,
				FA79D9F32581D71F0092AF8A /* Frameworks */,
				FA79D9F42581D71F0092AF8A /* Resources */,
			);
			buildRules = (
			);
			dependencies = (
				FA79D9F82581D71F0092AF8A /* PBXTargetDependency */,
			);
			name = iosAppUITests;
			productName = iosAppUITests;
			productReference = FA79D9F62581D71F0092AF8A /* iosAppUITests.xctest */;
			productType = "com.apple.product-type.bundle.ui-testing";
		};
/* End PBXNativeTarget section */

/* Begin PBXProject section */
		FA79D9CD2581D7180092AF8A /* Project object */ = {
			isa = PBXProject;
			attributes = {
				LastSwiftUpdateCheck = 1200;
				LastUpgradeCheck = 1200;
				TargetAttributes = {
					FA79D9D42581D7180092AF8A = {
						CreatedOnToolsVersion = 12.0.1;
					};
					FA79D9EA2581D71F0092AF8A = {
						CreatedOnToolsVersion = 12.0.1;
						TestTargetID = FA79D9D42581D7180092AF8A;
					};
					FA79D9F52581D71F0092AF8A = {
						CreatedOnToolsVersion = 12.0.1;
						TestTargetID = FA79D9D42581D7180092AF8A;
					};
				};
			};
			buildConfigurationList = FA79D9D02581D7180092AF8A /* Build configuration list for PBXProject "iosApp" */;
			compatibilityVersion = "Xcode 9.3";
			developmentRegion = en;
			hasScannedForEncodings = 0;
			knownRegions = (
				en,
				Base,
			);
			mainGroup = FA79D9CC2581D7180092AF8A;
			productRefGroup = FA79D9D62581D7180092AF8A /* Products */;
			projectDirPath = "";
			projectRoot = "";
			targets = (
				FA79D9D42581D7180092AF8A /* iosApp */,
				FA79D9EA2581D71F0092AF8A /* iosAppTests */,
				FA79D9F52581D71F0092AF8A /* iosAppUITests */,
			);
		};
/* End PBXProject section */

/* Begin PBXResourcesBuildPhase section */
		FA79D9D32581D7180092AF8A /* Resources */ = {
			isa = PBXResourcesBuildPhase;
			buildActionMask = 2147483647;
			files = (
				FA79D9E52581D71F0092AF8A /* LaunchScreen.storyboard in Resources */,
				FA79D9E22581D71F0092AF8A /* Assets.xcassets in Resources */,
				FA79D9E02581D7180092AF8A /* Main.storyboard in Resources */,
			);
			runOnlyForDeploymentPostprocessing = 0;
		};
		FA79D9E92581D71F0092AF8A /* Resources */ = {
			isa = PBXResourcesBuildPhase;
			buildActionMask = 2147483647;
			files = (
			);
			runOnlyForDeploymentPostprocessing = 0;
		};
		FA79D9F42581D71F0092AF8A /* Resources */ = {
			isa = PBXResourcesBuildPhase;
			buildActionMask = 2147483647;
			files = (
			);
			runOnlyForDeploymentPostprocessing = 0;
		};
/* End PBXResourcesBuildPhase section */

/* Begin PBXSourcesBuildPhase section */
		FA79D9D12581D7180092AF8A /* Sources */ = {
			isa = PBXSourcesBuildPhase;
			buildActionMask = 2147483647;
			files = (
				FA79D9DD2581D7180092AF8A /* ViewController.swift in Sources */,
				FA79D9D92581D7180092AF8A /* AppDelegate.swift in Sources */,
				FA79D9DB2581D7180092AF8A /* SceneDelegate.swift in Sources */,
			);
			runOnlyForDeploymentPostprocessing = 0;
		};
		FA79D9E72581D71F0092AF8A /* Sources */ = {
			isa = PBXSourcesBuildPhase;
			buildActionMask = 2147483647;
			files = (
				FA79D9F02581D71F0092AF8A /* iosAppTests.swift in Sources */,
			);
			runOnlyForDeploymentPostprocessing = 0;
		};
		FA79D9F22581D71F0092AF8A /* Sources */ = {
			isa = PBXSourcesBuildPhase;
			buildActionMask = 2147483647;
			files = (
				FA79D9FB2581D71F0092AF8A /* iosAppUITests.swift in Sources */,
			);
			runOnlyForDeploymentPostprocessing = 0;
		};
/* End PBXSourcesBuildPhase section */

/* Begin PBXTargetDependency section */
		FA79D9ED2581D71F0092AF8A /* PBXTargetDependency */ = {
			isa = PBXTargetDependency;
			target = FA79D9D42581D7180092AF8A /* iosApp */;
			targetProxy = FA79D9EC2581D71F0092AF8A /* PBXContainerItemProxy */;
		};
		FA79D9F82581D71F0092AF8A /* PBXTargetDependency */ = {
			isa = PBXTargetDependency;
			target = FA79D9D42581D7180092AF8A /* iosApp */;
			targetProxy = FA79D9F72581D71F0092AF8A /* PBXContainerItemProxy */;
		};
/* End PBXTargetDependency section */

/* Begin PBXVariantGroup section */
		FA79D9DE2581D7180092AF8A /* Main.storyboard */ = {
			isa = PBXVariantGroup;
			children = (
				FA79D9DF2581D7180092AF8A /* Base */,
			);
			name = Main.storyboard;
			sourceTree = "<group>";
		};
		FA79D9E32581D71F0092AF8A /* LaunchScreen.storyboard */ = {
			isa = PBXVariantGroup;
			children = (
				FA79D9E42581D71F0092AF8A /* Base */,
			);
			name = LaunchScreen.storyboard;
			sourceTree = "<group>";
		};
/* End PBXVariantGroup section */

/* Begin XCBuildConfiguration section */
		FA79D9FD2581D71F0092AF8A /* Debug */ = {
			isa = XCBuildConfiguration;
			buildSettings = {
				ALWAYS_SEARCH_USER_PATHS = NO;
				CLANG_ANALYZER_NONNULL = YES;
				CLANG_ANALYZER_NUMBER_OBJECT_CONVERSION = YES_AGGRESSIVE;
				CLANG_CXX_LANGUAGE_STANDARD = "gnu++14";
				CLANG_CXX_LIBRARY = "libc++";
				CLANG_ENABLE_MODULES = YES;
				CLANG_ENABLE_OBJC_ARC = YES;
				CLANG_ENABLE_OBJC_WEAK = YES;
				CLANG_WARN_BLOCK_CAPTURE_AUTORELEASING = YES;
				CLANG_WARN_BOOL_CONVERSION = YES;
				CLANG_WARN_COMMA = YES;
				CLANG_WARN_CONSTANT_CONVERSION = YES;
				CLANG_WARN_DEPRECATED_OBJC_IMPLEMENTATIONS = YES;
				CLANG_WARN_DIRECT_OBJC_ISA_USAGE = YES_ERROR;
				CLANG_WARN_DOCUMENTATION_COMMENTS = YES;
				CLANG_WARN_EMPTY_BODY = YES;
				CLANG_WARN_ENUM_CONVERSION = YES;
				CLANG_WARN_INFINITE_RECURSION = YES;
				CLANG_WARN_INT_CONVERSION = YES;
				CLANG_WARN_NON_LITERAL_NULL_CONVERSION = YES;
				CLANG_WARN_OBJC_IMPLICIT_RETAIN_SELF = YES;
				CLANG_WARN_OBJC_LITERAL_CONVERSION = YES;
				CLANG_WARN_OBJC_ROOT_CLASS = YES_ERROR;
				CLANG_WARN_QUOTED_INCLUDE_IN_FRAMEWORK_HEADER = YES;
				CLANG_WARN_RANGE_LOOP_ANALYSIS = YES;
				CLANG_WARN_STRICT_PROTOTYPES = YES;
				CLANG_WARN_SUSPICIOUS_MOVE = YES;
				CLANG_WARN_UNGUARDED_AVAILABILITY = YES_AGGRESSIVE;
				CLANG_WARN_UNREACHABLE_CODE = YES;
				CLANG_WARN__DUPLICATE_METHOD_MATCH = YES;
				COPY_PHASE_STRIP = NO;
				DEBUG_INFORMATION_FORMAT = dwarf;
				ENABLE_STRICT_OBJC_MSGSEND = YES;
				ENABLE_TESTABILITY = YES;
				GCC_C_LANGUAGE_STANDARD = gnu11;
				GCC_DYNAMIC_NO_PIC = NO;
				GCC_NO_COMMON_BLOCKS = YES;
				GCC_OPTIMIZATION_LEVEL = 0;
				GCC_PREPROCESSOR_DEFINITIONS = (
					"DEBUG=1",
					"$(inherited)",
				);
				GCC_WARN_64_TO_32_BIT_CONVERSION = YES;
				GCC_WARN_ABOUT_RETURN_TYPE = YES_ERROR;
				GCC_WARN_UNDECLARED_SELECTOR = YES;
				GCC_WARN_UNINITIALIZED_AUTOS = YES_AGGRESSIVE;
				GCC_WARN_UNUSED_FUNCTION = YES;
				GCC_WARN_UNUSED_VARIABLE = YES;
				IPHONEOS_DEPLOYMENT_TARGET = 14.0;
				MTL_ENABLE_DEBUG_INFO = INCLUDE_SOURCE;
				MTL_FAST_MATH = YES;
				ONLY_ACTIVE_ARCH = YES;
				SDKROOT = iphoneos;
				SWIFT_ACTIVE_COMPILATION_CONDITIONS = DEBUG;
				SWIFT_OPTIMIZATION_LEVEL = "-Onone";
			};
			name = Debug;
		};
		FA79D9FE2581D71F0092AF8A /* Release */ = {
			isa = XCBuildConfiguration;
			buildSettings = {
				ALWAYS_SEARCH_USER_PATHS = NO;
				CLANG_ANALYZER_NONNULL = YES;
				CLANG_ANALYZER_NUMBER_OBJECT_CONVERSION = YES_AGGRESSIVE;
				CLANG_CXX_LANGUAGE_STANDARD = "gnu++14";
				CLANG_CXX_LIBRARY = "libc++";
				CLANG_ENABLE_MODULES = YES;
				CLANG_ENABLE_OBJC_ARC = YES;
				CLANG_ENABLE_OBJC_WEAK = YES;
				CLANG_WARN_BLOCK_CAPTURE_AUTORELEASING = YES;
				CLANG_WARN_BOOL_CONVERSION = YES;
				CLANG_WARN_COMMA = YES;
				CLANG_WARN_CONSTANT_CONVERSION = YES;
				CLANG_WARN_DEPRECATED_OBJC_IMPLEMENTATIONS = YES;
				CLANG_WARN_DIRECT_OBJC_ISA_USAGE = YES_ERROR;
				CLANG_WARN_DOCUMENTATION_COMMENTS = YES;
				CLANG_WARN_EMPTY_BODY = YES;
				CLANG_WARN_ENUM_CONVERSION = YES;
				CLANG_WARN_INFINITE_RECURSION = YES;
				CLANG_WARN_INT_CONVERSION = YES;
				CLANG_WARN_NON_LITERAL_NULL_CONVERSION = YES;
				CLANG_WARN_OBJC_IMPLICIT_RETAIN_SELF = YES;
				CLANG_WARN_OBJC_LITERAL_CONVERSION = YES;
				CLANG_WARN_OBJC_ROOT_CLASS = YES_ERROR;
				CLANG_WARN_QUOTED_INCLUDE_IN_FRAMEWORK_HEADER = YES;
				CLANG_WARN_RANGE_LOOP_ANALYSIS = YES;
				CLANG_WARN_STRICT_PROTOTYPES = YES;
				CLANG_WARN_SUSPICIOUS_MOVE = YES;
				CLANG_WARN_UNGUARDED_AVAILABILITY = YES_AGGRESSIVE;
				CLANG_WARN_UNREACHABLE_CODE = YES;
				CLANG_WARN__DUPLICATE_METHOD_MATCH = YES;
				COPY_PHASE_STRIP = NO;
				DEBUG_INFORMATION_FORMAT = "dwarf-with-dsym";
				ENABLE_NS_ASSERTIONS = NO;
				ENABLE_STRICT_OBJC_MSGSEND = YES;
				GCC_C_LANGUAGE_STANDARD = gnu11;
				GCC_NO_COMMON_BLOCKS = YES;
				GCC_WARN_64_TO_32_BIT_CONVERSION = YES;
				GCC_WARN_ABOUT_RETURN_TYPE = YES_ERROR;
				GCC_WARN_UNDECLARED_SELECTOR = YES;
				GCC_WARN_UNINITIALIZED_AUTOS = YES_AGGRESSIVE;
				GCC_WARN_UNUSED_FUNCTION = YES;
				GCC_WARN_UNUSED_VARIABLE = YES;
				IPHONEOS_DEPLOYMENT_TARGET = 14.0;
				MTL_ENABLE_DEBUG_INFO = NO;
				MTL_FAST_MATH = YES;
				SDKROOT = iphoneos;
				SWIFT_COMPILATION_MODE = wholemodule;
				SWIFT_OPTIMIZATION_LEVEL = "-O";
				VALIDATE_PRODUCT = YES;
			};
			name = Release;
		};
		FA79DA002581D71F0092AF8A /* Debug */ = {
			isa = XCBuildConfiguration;
			buildSettings = {
				ASSETCATALOG_COMPILER_APPICON_NAME = AppIcon;
				ASSETCATALOG_COMPILER_GLOBAL_ACCENT_COLOR_NAME = AccentColor;
				CODE_SIGN_STYLE = Automatic;
				DEVELOPMENT_TEAM = 7D7G92K24H;
				INFOPLIST_FILE = iosApp/Info.plist;
				LD_RUNPATH_SEARCH_PATHS = (
					"$(inherited)",
					"@executable_path/Frameworks",
				);
				PRODUCT_BUNDLE_IDENTIFIER = j.iosApp;
				PRODUCT_NAME = "$(TARGET_NAME)";
				SWIFT_VERSION = 5.0;
				TARGETED_DEVICE_FAMILY = "1,2";
			};
			name = Debug;
		};
		FA79DA012581D71F0092AF8A /* Release */ = {
			isa = XCBuildConfiguration;
			buildSettings = {
				ASSETCATALOG_COMPILER_APPICON_NAME = AppIcon;
				ASSETCATALOG_COMPILER_GLOBAL_ACCENT_COLOR_NAME = AccentColor;
				CODE_SIGN_STYLE = Automatic;
				DEVELOPMENT_TEAM = 7D7G92K24H;
				INFOPLIST_FILE = iosApp/Info.plist;
				LD_RUNPATH_SEARCH_PATHS = (
					"$(inherited)",
					"@executable_path/Frameworks",
				);
				PRODUCT_BUNDLE_IDENTIFIER = j.iosApp;
				PRODUCT_NAME = "$(TARGET_NAME)";
				SWIFT_VERSION = 5.0;
				TARGETED_DEVICE_FAMILY = "1,2";
			};
			name = Release;
		};
		FA79DA032581D71F0092AF8A /* Debug */ = {
			isa = XCBuildConfiguration;
			buildSettings = {
				ALWAYS_EMBED_SWIFT_STANDARD_LIBRARIES = YES;
				BUNDLE_LOADER = "$(TEST_HOST)";
				CODE_SIGN_STYLE = Automatic;
				INFOPLIST_FILE = iosAppTests/Info.plist;
				IPHONEOS_DEPLOYMENT_TARGET = 14.0;
				LD_RUNPATH_SEARCH_PATHS = (
					"$(inherited)",
					"@executable_path/Frameworks",
					"@loader_path/Frameworks",
				);
				PRODUCT_BUNDLE_IDENTIFIER = j.iosAppTests;
				PRODUCT_NAME = "$(TARGET_NAME)";
				SWIFT_VERSION = 5.0;
				TARGETED_DEVICE_FAMILY = "1,2";
				TEST_HOST = "$(BUILT_PRODUCTS_DIR)/iosApp.app/iosApp";
			};
			name = Debug;
		};
		FA79DA042581D71F0092AF8A /* Release */ = {
			isa = XCBuildConfiguration;
			buildSettings = {
				ALWAYS_EMBED_SWIFT_STANDARD_LIBRARIES = YES;
				BUNDLE_LOADER = "$(TEST_HOST)";
				CODE_SIGN_STYLE = Automatic;
				INFOPLIST_FILE = iosAppTests/Info.plist;
				IPHONEOS_DEPLOYMENT_TARGET = 14.0;
				LD_RUNPATH_SEARCH_PATHS = (
					"$(inherited)",
					"@executable_path/Frameworks",
					"@loader_path/Frameworks",
				);
				PRODUCT_BUNDLE_IDENTIFIER = j.iosAppTests;
				PRODUCT_NAME = "$(TARGET_NAME)";
				SWIFT_VERSION = 5.0;
				TARGETED_DEVICE_FAMILY = "1,2";
				TEST_HOST = "$(BUILT_PRODUCTS_DIR)/iosApp.app/iosApp";
			};
			name = Release;
		};
		FA79DA062581D71F0092AF8A /* Debug */ = {
			isa = XCBuildConfiguration;
			buildSettings = {
				ALWAYS_EMBED_SWIFT_STANDARD_LIBRARIES = YES;
				CODE_SIGN_STYLE = Automatic;
				INFOPLIST_FILE = iosAppUITests/Info.plist;
				LD_RUNPATH_SEARCH_PATHS = (
					"$(inherited)",
					"@executable_path/Frameworks",
					"@loader_path/Frameworks",
				);
				PRODUCT_BUNDLE_IDENTIFIER = j.iosAppUITests;
				PRODUCT_NAME = "$(TARGET_NAME)";
				SWIFT_VERSION = 5.0;
				TARGETED_DEVICE_FAMILY = "1,2";
				TEST_TARGET_NAME = iosApp;
			};
			name = Debug;
		};
		FA79DA072581D71F0092AF8A /* Release */ = {
			isa = XCBuildConfiguration;
			buildSettings = {
				ALWAYS_EMBED_SWIFT_STANDARD_LIBRARIES = YES;
				CODE_SIGN_STYLE = Automatic;
				INFOPLIST_FILE = iosAppUITests/Info.plist;
				LD_RUNPATH_SEARCH_PATHS = (
					"$(inherited)",
					"@executable_path/Frameworks",
					"@loader_path/Frameworks",
				);
				PRODUCT_BUNDLE_IDENTIFIER = j.iosAppUITests;
				PRODUCT_NAME = "$(TARGET_NAME)";
				SWIFT_VERSION = 5.0;
				TARGETED_DEVICE_FAMILY = "1,2";
				TEST_TARGET_NAME = iosApp;
			};
			name = Release;
		};
/* End XCBuildConfiguration section */

/* Begin XCConfigurationList section */
		FA79D9D02581D7180092AF8A /* Build configuration list for PBXProject "iosApp" */ = {
			isa = XCConfigurationList;
			buildConfigurations = (
				FA79D9FD2581D71F0092AF8A /* Debug */,
				FA79D9FE2581D71F0092AF8A /* Release */,
			);
			defaultConfigurationIsVisible = 0;
			defaultConfigurationName = Release;
		};
		FA79D9FF2581D71F0092AF8A /* Build configuration list for PBXNativeTarget "iosApp" */ = {
			isa = XCConfigurationList;
			buildConfigurations = (
				FA79DA002581D71F0092AF8A /* Debug */,
				FA79DA012581D71F0092AF8A /* Release */,
			);
			defaultConfigurationIsVisible = 0;
			defaultConfigurationName = Release;
		};
		FA79DA022581D71F0092AF8A /* Build configuration list for PBXNativeTarget "iosAppTests" */ = {
			isa = XCConfigurationList;
			buildConfigurations = (
				FA79DA032581D71F0092AF8A /* Debug */,
				FA79DA042581D71F0092AF8A /* Release */,
			);
			defaultConfigurationIsVisible = 0;
			defaultConfigurationName = Release;
		};
		FA79DA052581D71F0092AF8A /* Build configuration list for PBXNativeTarget "iosAppUITests" */ = {
			isa = XCConfigurationList;
			buildConfigurations = (
				FA79DA062581D71F0092AF8A /* Debug */,
				FA79DA072581D71F0092AF8A /* Release */,
			);
			defaultConfigurationIsVisible = 0;
			defaultConfigurationName = Release;
		};
/* End XCConfigurationList section */
	};
	rootObject = FA79D9CD2581D7180092AF8A /* Project object */;
}
